
Microsoft Visual Studio Solution File, Format Version 12.00
# Visual Studio Version 16
VisualStudioVersion = 16.0.28729.10
MinimumVisualStudioVersion = 10.0.40219.1
Project("{2150E333-8FDC-42A3-9474-1A3956D46DE8}") = "TEST", "TEST", "{AB225233-D5C3-4A9D-AE91-FF368DAF46B1}"
EndProject
Project("{9A19103F-16F7-4668-BE54-9A1E7A4F7556}") = "Ironbug.HVAC_Tests", "src\Ironbug.HVAC_Tests\Ironbug.HVAC_Tests.csproj", "{6F91AF0C-CBF3-49A3-AC1D-094FFBBAA25A}"
EndProject
Project("{FAE04EC0-301F-11D3-BF4B-00C04F79EFBC}") = "Ironbug.LBHB_Legacy", "src\Ironbug.LBHB_Legacy\Ironbug.LBHB_Legacy.csproj", "{12661A27-4B33-4FC9-AC51-AE0CD1C45B68}"
EndProject
Project("{9A19103F-16F7-4668-BE54-9A1E7A4F7556}") = "Ironbug.EPDoc", "src\Ironbug.EPDoc\Ironbug.EPDoc.csproj", "{95792380-57BF-48A3-90AA-24143BEC5112}"
EndProject
Project("{9A19103F-16F7-4668-BE54-9A1E7A4F7556}") = "Ironbug.HVAC", "src\Ironbug.HVAC\Ironbug.HVAC.csproj", "{A92B8902-84D8-4AC8-B744-0B11B7A813CA}"
EndProject
Project("{9A19103F-16F7-4668-BE54-9A1E7A4F7556}") = "Ironbug.Core", "src\Ironbug.Core\Ironbug.Core.csproj", "{C5D9417C-FB26-4F5A-90C9-745714056B20}"
EndProject
Project("{9A19103F-16F7-4668-BE54-9A1E7A4F7556}") = "Ironbug.Grasshopper", "src\Ironbug.Grasshopper\Ironbug.Grasshopper.csproj", "{F2F7925C-91F4-4271-89CB-7B2B647ABD1E}"
EndProject
Global
	GlobalSection(SolutionConfigurationPlatforms) = preSolution
		Debug|Any CPU = Debug|Any CPU
		Debug|x64 = Debug|x64
		Release|Any CPU = Release|Any CPU
		Release|x64 = Release|x64
	EndGlobalSection
	GlobalSection(ProjectConfigurationPlatforms) = postSolution
		{6F91AF0C-CBF3-49A3-AC1D-094FFBBAA25A}.Debug|Any CPU.ActiveCfg = Debug|Any CPU
		{6F91AF0C-CBF3-49A3-AC1D-094FFBBAA25A}.Debug|Any CPU.Build.0 = Debug|Any CPU
		{6F91AF0C-CBF3-49A3-AC1D-094FFBBAA25A}.Debug|x64.ActiveCfg = Debug|Any CPU
		{6F91AF0C-CBF3-49A3-AC1D-094FFBBAA25A}.Debug|x64.Build.0 = Debug|Any CPU
		{6F91AF0C-CBF3-49A3-AC1D-094FFBBAA25A}.Release|Any CPU.ActiveCfg = Release|Any CPU
		{6F91AF0C-CBF3-49A3-AC1D-094FFBBAA25A}.Release|Any CPU.Build.0 = Release|Any CPU
		{6F91AF0C-CBF3-49A3-AC1D-094FFBBAA25A}.Release|x64.ActiveCfg = Release|Any CPU
		{6F91AF0C-CBF3-49A3-AC1D-094FFBBAA25A}.Release|x64.Build.0 = Release|Any CPU
		{12661A27-4B33-4FC9-AC51-AE0CD1C45B68}.Debug|Any CPU.ActiveCfg = Debug|Any CPU
		{12661A27-4B33-4FC9-AC51-AE0CD1C45B68}.Debug|Any CPU.Build.0 = Debug|Any CPU
		{12661A27-4B33-4FC9-AC51-AE0CD1C45B68}.Debug|x64.ActiveCfg = Debug|x64
		{12661A27-4B33-4FC9-AC51-AE0CD1C45B68}.Debug|x64.Build.0 = Debug|x64
		{12661A27-4B33-4FC9-AC51-AE0CD1C45B68}.Release|Any CPU.ActiveCfg = Release|Any CPU
		{12661A27-4B33-4FC9-AC51-AE0CD1C45B68}.Release|Any CPU.Build.0 = Release|Any CPU
		{12661A27-4B33-4FC9-AC51-AE0CD1C45B68}.Release|x64.ActiveCfg = Release|x64
		{12661A27-4B33-4FC9-AC51-AE0CD1C45B68}.Release|x64.Build.0 = Release|x64
		{95792380-57BF-48A3-90AA-24143BEC5112}.Debug|Any CPU.ActiveCfg = Debug|Any CPU
		{95792380-57BF-48A3-90AA-24143BEC5112}.Debug|Any CPU.Build.0 = Debug|Any CPU
		{95792380-57BF-48A3-90AA-24143BEC5112}.Debug|x64.ActiveCfg = Debug|x64
		{95792380-57BF-48A3-90AA-24143BEC5112}.Debug|x64.Build.0 = Debug|x64
		{95792380-57BF-48A3-90AA-24143BEC5112}.Release|Any CPU.ActiveCfg = Release|Any CPU
		{95792380-57BF-48A3-90AA-24143BEC5112}.Release|Any CPU.Build.0 = Release|Any CPU
		{95792380-57BF-48A3-90AA-24143BEC5112}.Release|x64.ActiveCfg = Release|x64
		{95792380-57BF-48A3-90AA-24143BEC5112}.Release|x64.Build.0 = Release|x64
		{A92B8902-84D8-4AC8-B744-0B11B7A813CA}.Debug|Any CPU.ActiveCfg = Debug|Any CPU
		{A92B8902-84D8-4AC8-B744-0B11B7A813CA}.Debug|Any CPU.Build.0 = Debug|Any CPU
		{A92B8902-84D8-4AC8-B744-0B11B7A813CA}.Debug|x64.ActiveCfg = Debug|x64
		{A92B8902-84D8-4AC8-B744-0B11B7A813CA}.Debug|x64.Build.0 = Debug|x64
		{A92B8902-84D8-4AC8-B744-0B11B7A813CA}.Release|Any CPU.ActiveCfg = Release|Any CPU
		{A92B8902-84D8-4AC8-B744-0B11B7A813CA}.Release|Any CPU.Build.0 = Release|Any CPU
		{A92B8902-84D8-4AC8-B744-0B11B7A813CA}.Release|x64.ActiveCfg = Release|x64
		{A92B8902-84D8-4AC8-B744-0B11B7A813CA}.Release|x64.Build.0 = Release|x64
		{C5D9417C-FB26-4F5A-90C9-745714056B20}.Debug|Any CPU.ActiveCfg = Debug|Any CPU
		{C5D9417C-FB26-4F5A-90C9-745714056B20}.Debug|Any CPU.Build.0 = Debug|Any CPU
		{C5D9417C-FB26-4F5A-90C9-745714056B20}.Debug|x64.ActiveCfg = Debug|x64
		{C5D9417C-FB26-4F5A-90C9-745714056B20}.Debug|x64.Build.0 = Debug|x64
		{C5D9417C-FB26-4F5A-90C9-745714056B20}.Release|Any CPU.ActiveCfg = Release|Any CPU
		{C5D9417C-FB26-4F5A-90C9-745714056B20}.Release|Any CPU.Build.0 = Release|Any CPU
		{C5D9417C-FB26-4F5A-90C9-745714056B20}.Release|x64.ActiveCfg = Release|x64
		{C5D9417C-FB26-4F5A-90C9-745714056B20}.Release|x64.Build.0 = Release|x64
		{F2F7925C-91F4-4271-89CB-7B2B647ABD1E}.Debug|Any CPU.ActiveCfg = Debug|Any CPU
		{F2F7925C-91F4-4271-89CB-7B2B647ABD1E}.Debug|Any CPU.Build.0 = Debug|Any CPU
		{F2F7925C-91F4-4271-89CB-7B2B647ABD1E}.Debug|x64.ActiveCfg = Debug|x64
		{F2F7925C-91F4-4271-89CB-7B2B647ABD1E}.Debug|x64.Build.0 = Debug|x64
		{F2F7925C-91F4-4271-89CB-7B2B647ABD1E}.Release|Any CPU.ActiveCfg = Release|Any CPU
		{F2F7925C-91F4-4271-89CB-7B2B647ABD1E}.Release|Any CPU.Build.0 = Release|Any CPU
		{F2F7925C-91F4-4271-89CB-7B2B647ABD1E}.Release|x64.ActiveCfg = Release|x64
		{F2F7925C-91F4-4271-89CB-7B2B647ABD1E}.Release|x64.Build.0 = Release|x64
	EndGlobalSection
	GlobalSection(SolutionProperties) = preSolution
		HideSolutionNode = FALSE
	EndGlobalSection
	GlobalSection(NestedProjects) = preSolution
		{6F91AF0C-CBF3-49A3-AC1D-094FFBBAA25A} = {AB225233-D5C3-4A9D-AE91-FF368DAF46B1}
	EndGlobalSection
	GlobalSection(ExtensibilityGlobals) = postSolution
		SolutionGuid = {13CCBB5F-90B6-4938-A565-5AD73E2AF8E4}
	EndGlobalSection
EndGlobal
